{
  "version": "5",
  "redirects": {
    "https://esm.sh/@noble/ciphers@^0.5.1/aes?target=denonext": "https://esm.sh/@noble/ciphers@0.5.3/aes?target=denonext",
    "https://esm.sh/@noble/ciphers@^0.5.1/chacha?target=denonext": "https://esm.sh/@noble/ciphers@0.5.3/chacha?target=denonext",
    "https://esm.sh/@noble/ciphers@^0.5.1/utils?target=denonext": "https://esm.sh/@noble/ciphers@0.5.3/utils?target=denonext"
  },
  "remote": {
    "https://deno.land/std@0.168.0/fmt/colors.ts": "03ad95e543d2808bc43c17a3dd29d25b43d0f16287fe562a0be89bf632454a12",
    "https://deno.land/std@0.168.0/testing/_diff.ts": "a23e7fc2b4d8daa3e158fa06856bedf5334ce2a2831e8bf9e509717f455adb2c",
    "https://deno.land/std@0.168.0/testing/_format.ts": "cd11136e1797791045e639e9f0f4640d5b4166148796cad37e6ef75f7d7f3832",
    "https://deno.land/std@0.168.0/testing/asserts.ts": "51353e79437361d4b02d8e32f3fc83b22231bc8f8d4c841d86fd32b0b0afe940",
    "https://esm.sh/@noble/ciphers@0.5.3/aes?target=denonext": "125bc70c93d82ae28881fc8c28d456e572c09cd3b6e7c1766ea03f33eaa0f01b",
    "https://esm.sh/@noble/ciphers@0.5.3/chacha?target=denonext": "a242dfef67ab348e08fb25895600a3d7aaa53b263d36d30ab49d892033071bc9",
    "https://esm.sh/@noble/ciphers@0.5.3/denonext/_poly1305.mjs": "11a1afafcc38d403e3e18d6519677e76869111c5caf0f986df560d5b6656cd39",
    "https://esm.sh/@noble/ciphers@0.5.3/denonext/_polyval.mjs": "ac76d998e8636180e8af0f6516dcc9cc31c0c1a03e535dfbe7a5fc73abe6b2f3",
    "https://esm.sh/@noble/ciphers@0.5.3/denonext/aes.mjs": "f616264a1e69c85ff3b3e6676ce9e780799b26014a82a1d900877f990288e1ed",
    "https://esm.sh/@noble/ciphers@0.5.3/denonext/chacha.mjs": "454f86b96d4d98d02edef7c1a09a108b0c04d5a75f409d0a1eaa479ab99981e9",
    "https://esm.sh/@noble/ciphers@0.5.3/denonext/esm/_arx.mjs": "fc9bb4a50311790161b709849c145c2bc5a51aea66babef9d43695a3cf99ff70",
    "https://esm.sh/@noble/ciphers@0.5.3/denonext/esm/_assert.mjs": "42a0a7c9d61fcb4b7c068dfc24649d387ce1a2b4591cc8beec44d34bedd76d9b",
    "https://esm.sh/@noble/ciphers@0.5.3/denonext/utils.mjs": "7730258bbdbd7e602989168d8d5864c65c3758ba15b77bd678c89d98b61ee53d",
    "https://esm.sh/@noble/ciphers@0.5.3/utils?target=denonext": "69190c197a8e2d537cbdf85de609e835ca1b661ee3a950663badba9daa5af6f8",
    "https://esm.sh/@noble/curves@1.2.0/denonext/_shortw_utils.mjs": "f727d962e20cbedf734b164816693c8c93675ed6c8c86ec794377277f0b5c0e2",
    "https://esm.sh/@noble/curves@1.2.0/denonext/abstract/curve.mjs": "f050d7fa7ebc91291d66625fc2711513bdadbeaec0920b0f76be0c224fa575d8",
    "https://esm.sh/@noble/curves@1.2.0/denonext/abstract/hash-to-curve.mjs": "238b612981445c9a0d81cec2737bb055209c240204d75925b7f6ff2ef1bc79e9",
    "https://esm.sh/@noble/curves@1.2.0/denonext/abstract/modular.mjs": "8a063ac2d423b5878a4f33d0a6ad1779e844de4fc21ac490aed90446b0101b25",
    "https://esm.sh/@noble/curves@1.2.0/denonext/abstract/utils.mjs": "9da76ddc911df09a5a3ab32e1a713ee1963f93b165034fad38930a5ad0b5bacb",
    "https://esm.sh/@noble/curves@1.2.0/denonext/abstract/weierstrass.mjs": "fea31f974ba596063e4ba5e610f25842c30ea0c3411661a90459500bf1bfc3de",
    "https://esm.sh/@noble/curves@1.2.0/denonext/secp256k1.mjs": "7e18e920d7444dbe15748ef15ce6f304c0cfc797e271907ec5b0a8fa62f85558",
    "https://esm.sh/@noble/hashes@1.3.1/denonext/_assert.mjs": "06fd517f5ef1276606429a2cf23640da0954b45809b18cecfd452c0473f86195",
    "https://esm.sh/@noble/hashes@1.3.1/denonext/_sha2.mjs": "fdf1776b79fb507afa103e31d43c6ce03ef20827fa106c72fce05497bd3a0bf6",
    "https://esm.sh/@noble/hashes@1.3.1/denonext/crypto.mjs": "fb2c01d38eb50d007e9e99b85cbc4df219522e4b6f1d2866b2130479b3ea6a9b",
    "https://esm.sh/@noble/hashes@1.3.1/denonext/hkdf.mjs": "d3d353dec7d20d405bf9551fbe14c0ed370d27c0ee96e6362369f2635368313d",
    "https://esm.sh/@noble/hashes@1.3.1/denonext/hmac.mjs": "d338cf8684075cc225830373190f0f1625b8abacaab62db52493755f1dc208a1",
    "https://esm.sh/@noble/hashes@1.3.1/denonext/sha256.mjs": "507fe3630c3d20f731c4912b2593bf9354f6157211c0956e9c306658816336aa",
    "https://esm.sh/@noble/hashes@1.3.1/denonext/utils.mjs": "e69b2607f1801f1b9c824132c53566e59715ea5196672c1f0847ed8d6c6e81da",
    "https://esm.sh/@noble/hashes@1.3.2/denonext/_assert.mjs": "61d0ca75a9350e4eb55bc202c0409a03203182b8f15ef849bbe9317a16024365",
    "https://esm.sh/@noble/hashes@1.3.2/denonext/_sha2.mjs": "7c5c39b6681fe7fc36b9263a78c8434604bbc95fd9bb3f011440ee31378828f6",
    "https://esm.sh/@noble/hashes@1.3.2/denonext/crypto.mjs": "ed0ec2ee968c1c93626f7d0f00561c250e01dfdbf05522e03b664dbcca728999",
    "https://esm.sh/@noble/hashes@1.3.2/denonext/hmac.mjs": "bb072d2361b24f3e3d3185df33134fa43c24e070d9179ca5375ca154e952d6fd",
    "https://esm.sh/@noble/hashes@1.3.2/denonext/sha256.mjs": "47f48d3b789ff9b4cdd4f5c96366f8bc5e741f9bcdfce696f1d80b1ad9a3c4ec",
    "https://esm.sh/@noble/hashes@1.3.2/denonext/utils.mjs": "a55118e868b36ccab9ffe70d459c80bf4eb1db04206779b07f3938ab07806bf9",
    "https://esm.sh/@noble/hashes@1.3.2/sha256": "1cb8b61a40018e0c26e6f9f82915bc32c833cb8500c257c674e4307da39a6f8b",
    "https://esm.sh/@noble/secp256k1@1.7.1": "e8aa8ad7a73f1740334af7564be9978dc10a32760de5e1d473d69942b09b1233",
    "https://esm.sh/@noble/secp256k1@1.7.1/denonext/secp256k1.mjs": "250bf6d4f2caed3b44c55589f6990afaf0a6b97312f8858c628e4ee75ee6d137",
    "https://esm.sh/@scure/base@1.1.1/denonext/base.mjs": "7f28c080a490b258710f774ae40a9e12634876ab026b1b2d461682da13eb4490",
    "https://esm.sh/nostr-tools@2.7.2": "5a9b27301d5c1cac54908561a1e4a14291db76f6764a12326451e471085fc47c",
    "https://esm.sh/nostr-tools@2.7.2/denonext/nostr-tools.mjs": "d5dcf9a8aa02a3ae010f62ee3abe04526bf4ac4de0f3dae842653a1a5bece673"
  },
  "workspace": {
    "packageJson": {
      "dependencies": [
        "npm:@anthropic-ai/sdk@0.69",
        "npm:@babel/core@^7.25.2",
        "npm:@babel/preset-env@^7.28.3",
        "npm:@babel/preset-typescript@^7.27.1",
        "npm:@expo/vector-icons@~14.0.4",
        "npm:@getalby/sdk@^6.0.2",
        "npm:@noble/secp256k1@3",
        "npm:@nostr-dev-kit/ndk@^2.18.1",
        "npm:@react-native-async-storage/async-storage@1.23.1",
        "npm:@react-native-clipboard/clipboard@^1.16.3",
        "npm:@react-native-community/datetimepicker@8.2.0",
        "npm:@react-native-community/slider@4.5.5",
        "npm:@react-native-picker/picker@2.9.0",
        "npm:@react-navigation/bottom-tabs@^7.3.10",
        "npm:@react-navigation/elements@^2.3.8",
        "npm:@react-navigation/native-stack@^7.3.28",
        "npm:@react-navigation/native@^7.1.6",
        "npm:@react-navigation/stack@^7.4.8",
        "npm:@scure/bip32@2",
        "npm:@scure/bip39@2",
        "npm:@supabase/supabase-js@^2.90.1",
        "npm:@testing-library/react-native@^13.3.3",
        "npm:@types/crypto-js@^4.2.2",
        "npm:@types/jest@30",
        "npm:@types/node@^24.4.0",
        "npm:@types/pako@^2.0.4",
        "npm:@types/react@~18.3.12",
        "npm:@yzlin/expo-healthkit@0.14",
        "npm:babel-jest@^29.6.3",
        "npm:babel-plugin-transform-remove-console@^6.9.4",
        "npm:crypto-js@^4.2.0",
        "npm:dotenv@^17.2.3",
        "npm:eslint-config-expo@~8.0.1",
        "npm:eslint@^8.57.0",
        "npm:expo-android-pedometer@^1.3.0",
        "npm:expo-apple-authentication@~7.1.3",
        "npm:expo-auth-session@~6.0.3",
        "npm:expo-av@~15.0.2",
        "npm:expo-background-fetch@~13.0.6",
        "npm:expo-battery@~9.0.2",
        "npm:expo-blur@~14.0.3",
        "npm:expo-build-properties@~0.13.3",
        "npm:expo-camera@~16.0.18",
        "npm:expo-clipboard@~7.0.1",
        "npm:expo-constants@~17.0.8",
        "npm:expo-crypto@~14.0.2",
        "npm:expo-device@~7.0.3",
        "npm:expo-font@~13.0.4",
        "npm:expo-haptics@~14.0.1",
        "npm:expo-health-connect@~0.1.1",
        "npm:expo-image-picker@~16.0.6",
        "npm:expo-image@~2.0.7",
        "npm:expo-intent-launcher@~12.0.2",
        "npm:expo-keep-awake@~14.0.3",
        "npm:expo-linear-gradient@~14.0.2",
        "npm:expo-linking@~7.0.5",
        "npm:expo-localization@16.0",
        "npm:expo-location@~18.0.10",
        "npm:expo-media-library@~17.0.6",
        "npm:expo-notifications@~0.29.14",
        "npm:expo-secure-store@~14.0.1",
        "npm:expo-sensors@~14.0.2",
        "npm:expo-speech-recognition@^3.1.1",
        "npm:expo-speech@~13.0.1",
        "npm:expo-splash-screen@~0.29.24",
        "npm:expo-status-bar@~2.0.1",
        "npm:expo-symbols@~0.2.2",
        "npm:expo-system-ui@~4.0.9",
        "npm:expo-task-manager@~12.0.6",
        "npm:expo-web-browser@~14.0.2",
        "npm:expo@~52.0.49",
        "npm:i18next@^25.8.0",
        "npm:jest-expo@~52.0.6",
        "npm:jest@^29.6.3",
        "npm:lucide-react-native@0.545",
        "npm:message-port-polyfill@0.2",
        "npm:nostr-build@~0.2.1",
        "npm:nostr-tools@^2.16.2",
        "npm:pako@^2.1.0",
        "npm:prettier@2.8.8",
        "npm:react-dom@18.3.1",
        "npm:react-i18next@^16.5.3",
        "npm:react-native-dotenv@^3.4.11",
        "npm:react-native-gesture-handler@~2.20.2",
        "npm:react-native-get-random-values@^1.11.0",
        "npm:react-native-health-connect@^3.5.0",
        "npm:react-native-mediapipe@0.6",
        "npm:react-native-qrcode-svg@^6.3.15",
        "npm:react-native-reanimated@~3.16.1",
        "npm:react-native-restart@^0.0.27",
        "npm:react-native-safe-area-context@4.12.0",
        "npm:react-native-screens@4.4",
        "npm:react-native-svg@15.8.0",
        "npm:react-native-toast-message@^2.3.3",
        "npm:react-native-url-polyfill@2",
        "npm:react-native-view-shot@^4.0.3",
        "npm:react-native-vision-camera@^4.7.3",
        "npm:react-native-web@~0.19.13",
        "npm:react-native-webview-crypto@^0.0.27",
        "npm:react-native-webview@13.12.5",
        "npm:react-native-worklets-core@^1.6.3",
        "npm:react-native@0.76.9",
        "npm:react@18.3.1",
        "npm:text-encoding-polyfill@~0.6.7",
        "npm:text-encoding@0.7",
        "npm:ts-node@^10.9.2",
        "npm:typescript@~5.8.3",
        "npm:websocket-polyfill@1",
        "npm:ws@^8.18.3",
        "npm:zustand@^4.5.7"
      ],
      "overrides": {
        "lodash": "4.17.21"
      }
    }
  }
}
